
Microsoft Visual Studio Solution File, Format Version 12.00
# Visual Studio Version 17
VisualStudioVersion = 17.0.32014.148
MinimumVisualStudioVersion = 10.0.40219.1
Project("{FAE04EC0-301F-11D3-BF4B-00C04F79EFBC}") = "Assignment", "Assignment.csproj", "{7C08FE52-3A0E-462E-B6DF-0B2AAB5BAD58}"
EndProject
Global
	GlobalSection(SolutionConfigurationPlatforms) = preSolution
		Debug|Any CPU = Debug|Any CPU
		Release|Any CPU = Release|Any CPU
	EndGlobalSection
	GlobalSection(ProjectConfigurationPlatforms) = postSolution
		{7C08FE52-3A0E-462E-B6DF-0B2AAB5BAD58}.Debug|Any CPU.ActiveCfg = Debug|Any CPU
		{7C08FE52-3A0E-462E-B6DF-0B2AAB5BAD58}.Debug|Any CPU.Build.0 = Debug|Any CPU
		{7C08FE52-3A0E-462E-B6DF-0B2AAB5BAD58}.Release|Any CPU.ActiveCfg = Release|Any CPU
		{7C08FE52-3A0E-462E-B6DF-0B2AAB5BAD58}.Release|Any CPU.Build.0 = Release|Any CPU
	EndGlobalSection
	GlobalSection(SolutionProperties) = preSolution
		HideSolutionNode = FALSE
	EndGlobalSection
	GlobalSection(ExtensibilityGlobals) = postSolution
		SolutionGuid = {8258B8DB-3193-4CAA-A696-EE0E5E7CD03A}
	EndGlobalSection
EndGlobal
